// !$*UTF8*$!
{
	archiveVersion = 1;
	classes = {
	};
	objectVersion = 50;
	objects = {

/* Begin PBXBuildFile section */
		272093802423E6E1002349F6 /* Genre.m in Sources */ = {isa = PBXBuildFile; fileRef = 2720937F2423E6E1002349F6 /* Genre.m */; };
		2759F4FE242A7E9700B6E4D6 /* Networking.swift in Sources */ = {isa = PBXBuildFile; fileRef = 2759F4FD242A7E9700B6E4D6 /* Networking.swift */; };
		2759F501242A831E00B6E4D6 /* Response.m in Sources */ = {isa = PBXBuildFile; fileRef = 2759F500242A831E00B6E4D6 /* Response.m */; };
		279674BA2420130700247885 /* Movie.m in Sources */ = {isa = PBXBuildFile; fileRef = 279674B92420130700247885 /* Movie.m */; };
		7F101703242D481400DE1591 /* DataConsuming.swift in Sources */ = {isa = PBXBuildFile; fileRef = 7F101701242D481400DE1591 /* DataConsuming.swift */; };
		7F101704242D481400DE1591 /* Functions.m in Sources */ = {isa = PBXBuildFile; fileRef = 7F101702242D481400DE1591 /* Functions.m */; };
		7F319F492420136A004188E1 /* TableViewCell.m in Sources */ = {isa = PBXBuildFile; fileRef = 7F319F482420136A004188E1 /* TableViewCell.m */; };
		7F88D38024228DA200BC9499 /* DetailViewController.m in Sources */ = {isa = PBXBuildFile; fileRef = 7F88D37F24228DA200BC9499 /* DetailViewController.m */; };
		7FA74220241FF756000C8528 /* AppDelegate.m in Sources */ = {isa = PBXBuildFile; fileRef = 7FA7421F241FF756000C8528 /* AppDelegate.m */; };
		7FA74223241FF756000C8528 /* SceneDelegate.m in Sources */ = {isa = PBXBuildFile; fileRef = 7FA74222241FF756000C8528 /* SceneDelegate.m */; };
		7FA74226241FF756000C8528 /* ViewController.m in Sources */ = {isa = PBXBuildFile; fileRef = 7FA74225241FF756000C8528 /* ViewController.m */; };
		7FA74229241FF756000C8528 /* Main.storyboard in Resources */ = {isa = PBXBuildFile; fileRef = 7FA74227241FF756000C8528 /* Main.storyboard */; };
		7FA7422B241FF759000C8528 /* Assets.xcassets in Resources */ = {isa = PBXBuildFile; fileRef = 7FA7422A241FF759000C8528 /* Assets.xcassets */; };
		7FA7422E241FF759000C8528 /* LaunchScreen.storyboard in Resources */ = {isa = PBXBuildFile; fileRef = 7FA7422C241FF759000C8528 /* LaunchScreen.storyboard */; };
		7FA74231241FF759000C8528 /* main.m in Sources */ = {isa = PBXBuildFile; fileRef = 7FA74230241FF759000C8528 /* main.m */; };
/* End PBXBuildFile section */

/* Begin PBXFileReference section */
		2720937E2423E6E1002349F6 /* Genre.h */ = {isa = PBXFileReference; lastKnownFileType = sourcecode.c.h; path = Genre.h; sourceTree = "<group>"; };
		2720937F2423E6E1002349F6 /* Genre.m */ = {isa = PBXFileReference; lastKnownFileType = sourcecode.c.objc; path = Genre.m; sourceTree = "<group>"; };
		2759F4FC242A7E9600B6E4D6 /* TheMovieDBObjc-Bridging-Header.h */ = {isa = PBXFileReference; lastKnownFileType = sourcecode.c.h; path = "TheMovieDBObjc-Bridging-Header.h"; sourceTree = "<group>"; };
		2759F4FD242A7E9700B6E4D6 /* Networking.swift */ = {isa = PBXFileReference; lastKnownFileType = sourcecode.swift; path = Networking.swift; sourceTree = "<group>"; };
		2759F4FF242A831E00B6E4D6 /* Response.h */ = {isa = PBXFileReference; lastKnownFileType = sourcecode.c.h; path = Response.h; sourceTree = "<group>"; };
		2759F500242A831E00B6E4D6 /* Response.m */ = {isa = PBXFileReference; lastKnownFileType = sourcecode.c.objc; path = Response.m; sourceTree = "<group>"; };
		279674B82420130700247885 /* Movie.h */ = {isa = PBXFileReference; lastKnownFileType = sourcecode.c.h; path = Movie.h; sourceTree = "<group>"; };
		279674B92420130700247885 /* Movie.m */ = {isa = PBXFileReference; lastKnownFileType = sourcecode.c.objc; path = Movie.m; sourceTree = "<group>"; };
		7F101700242D481400DE1591 /* Functions.h */ = {isa = PBXFileReference; fileEncoding = 4; lastKnownFileType = sourcecode.c.h; path = Functions.h; sourceTree = "<group>"; };
		7F101701242D481400DE1591 /* DataConsuming.swift */ = {isa = PBXFileReference; fileEncoding = 4; lastKnownFileType = sourcecode.swift; path = DataConsuming.swift; sourceTree = "<group>"; };
		7F101702242D481400DE1591 /* Functions.m */ = {isa = PBXFileReference; fileEncoding = 4; lastKnownFileType = sourcecode.c.objc; path = Functions.m; sourceTree = "<group>"; };
		7F319F472420136A004188E1 /* TableViewCell.h */ = {isa = PBXFileReference; lastKnownFileType = sourcecode.c.h; path = TableViewCell.h; sourceTree = "<group>"; };
		7F319F482420136A004188E1 /* TableViewCell.m */ = {isa = PBXFileReference; lastKnownFileType = sourcecode.c.objc; path = TableViewCell.m; sourceTree = "<group>"; };
		7F88D37E24228DA200BC9499 /* DetailViewController.h */ = {isa = PBXFileReference; lastKnownFileType = sourcecode.c.h; path = DetailViewController.h; sourceTree = "<group>"; };
		7F88D37F24228DA200BC9499 /* DetailViewController.m */ = {isa = PBXFileReference; lastKnownFileType = sourcecode.c.objc; path = DetailViewController.m; sourceTree = "<group>"; };
		7FA7421B241FF756000C8528 /* TheMovieDBObjc.app */ = {isa = PBXFileReference; explicitFileType = wrapper.application; includeInIndex = 0; path = TheMovieDBObjc.app; sourceTree = BUILT_PRODUCTS_DIR; };
		7FA7421E241FF756000C8528 /* AppDelegate.h */ = {isa = PBXFileReference; lastKnownFileType = sourcecode.c.h; path = AppDelegate.h; sourceTree = "<group>"; };
		7FA7421F241FF756000C8528 /* AppDelegate.m */ = {isa = PBXFileReference; lastKnownFileType = sourcecode.c.objc; path = AppDelegate.m; sourceTree = "<group>"; };
		7FA74221241FF756000C8528 /* SceneDelegate.h */ = {isa = PBXFileReference; lastKnownFileType = sourcecode.c.h; path = SceneDelegate.h; sourceTree = "<group>"; };
		7FA74222241FF756000C8528 /* SceneDelegate.m */ = {isa = PBXFileReference; lastKnownFileType = sourcecode.c.objc; path = SceneDelegate.m; sourceTree = "<group>"; };
		7FA74224241FF756000C8528 /* ViewController.h */ = {isa = PBXFileReference; lastKnownFileType = sourcecode.c.h; path = ViewController.h; sourceTree = "<group>"; };
		7FA74225241FF756000C8528 /* ViewController.m */ = {isa = PBXFileReference; lastKnownFileType = sourcecode.c.objc; path = ViewController.m; sourceTree = "<group>"; };
		7FA74228241FF756000C8528 /* Base */ = {isa = PBXFileReference; lastKnownFileType = file.storyboard; name = Base; path = Base.lproj/Main.storyboard; sourceTree = "<group>"; };
		7FA7422A241FF759000C8528 /* Assets.xcassets */ = {isa = PBXFileReference; lastKnownFileType = folder.assetcatalog; path = Assets.xcassets; sourceTree = "<group>"; };
		7FA7422D241FF759000C8528 /* Base */ = {isa = PBXFileReference; lastKnownFileType = file.storyboard; name = Base; path = Base.lproj/LaunchScreen.storyboard; sourceTree = "<group>"; };
		7FA7422F241FF759000C8528 /* Info.plist */ = {isa = PBXFileReference; lastKnownFileType = text.plist.xml; path = Info.plist; sourceTree = "<group>"; };
		7FA74230241FF759000C8528 /* main.m */ = {isa = PBXFileReference; lastKnownFileType = sourcecode.c.objc; path = main.m; sourceTree = "<group>"; };
/* End PBXFileReference section */

/* Begin PBXFrameworksBuildPhase section */
		7FA74218241FF756000C8528 /* Frameworks */ = {
			isa = PBXFrameworksBuildPhase;
			buildActionMask = 2147483647;
			files = (
			);
			runOnlyForDeploymentPostprocessing = 0;
		};
/* End PBXFrameworksBuildPhase section */

/* Begin PBXGroup section */
		7F88D38124228DA600BC9499 /* DetailViewController */ = {
			isa = PBXGroup;
			children = (
				7F88D37E24228DA200BC9499 /* DetailViewController.h */,
				7F88D37F24228DA200BC9499 /* DetailViewController.m */,
			);
			path = DetailViewController;
			sourceTree = "<group>";
		};
		7FA74212241FF756000C8528 = {
			isa = PBXGroup;
			children = (
				7FA7421D241FF756000C8528 /* TheMovieDBObjc */,
				7FA7421C241FF756000C8528 /* Products */,
			);
			sourceTree = "<group>";
		};
		7FA7421C241FF756000C8528 /* Products */ = {
			isa = PBXGroup;
			children = (
				7FA7421B241FF756000C8528 /* TheMovieDBObjc.app */,
			);
			name = Products;
			sourceTree = "<group>";
		};
		7FA7421D241FF756000C8528 /* TheMovieDBObjc */ = {
			isa = PBXGroup;
			children = (
				7FA7421E241FF756000C8528 /* AppDelegate.h */,
				7FA7421F241FF756000C8528 /* AppDelegate.m */,
				7F101701242D481400DE1591 /* DataConsuming.swift */,
				7F101700242D481400DE1591 /* Functions.h */,
				7F101702242D481400DE1591 /* Functions.m */,
				7FA74221241FF756000C8528 /* SceneDelegate.h */,
				7FA74222241FF756000C8528 /* SceneDelegate.m */,
				7FA74224241FF756000C8528 /* ViewController.h */,
				7FA74225241FF756000C8528 /* ViewController.m */,
				279674B82420130700247885 /* Movie.h */,
				279674B92420130700247885 /* Movie.m */,
				2759F4FF242A831E00B6E4D6 /* Response.h */,
				2759F500242A831E00B6E4D6 /* Response.m */,
				2720937E2423E6E1002349F6 /* Genre.h */,
				2759F4FD242A7E9700B6E4D6 /* Networking.swift */,
				2720937F2423E6E1002349F6 /* Genre.m */,
				7F319F472420136A004188E1 /* TableViewCell.h */,
				7F319F482420136A004188E1 /* TableViewCell.m */,
				7F88D38124228DA600BC9499 /* DetailViewController */,
				7FA74227241FF756000C8528 /* Main.storyboard */,
				7FA7422A241FF759000C8528 /* Assets.xcassets */,
				7FA7422C241FF759000C8528 /* LaunchScreen.storyboard */,
				7FA7422F241FF759000C8528 /* Info.plist */,
				7FA74230241FF759000C8528 /* main.m */,
				2759F4FC242A7E9600B6E4D6 /* TheMovieDBObjc-Bridging-Header.h */,
			);
			path = TheMovieDBObjc;
			sourceTree = "<group>";
		};
/* End PBXGroup section */

/* Begin PBXNativeTarget section */
		7FA7421A241FF756000C8528 /* TheMovieDBObjc */ = {
			isa = PBXNativeTarget;
			buildConfigurationList = 7FA74234241FF759000C8528 /* Build configuration list for PBXNativeTarget "TheMovieDBObjc" */;
			buildPhases = (
				7FA74217241FF756000C8528 /* Sources */,
				7FA74218241FF756000C8528 /* Frameworks */,
				7FA74219241FF756000C8528 /* Resources */,
			);
			buildRules = (
			);
			dependencies = (
			);
			name = TheMovieDBObjc;
			productName = TheMovieDBObjc;
			productReference = 7FA7421B241FF756000C8528 /* TheMovieDBObjc.app */;
			productType = "com.apple.product-type.application";
		};
/* End PBXNativeTarget section */

/* Begin PBXProject section */
		7FA74213241FF756000C8528 /* Project object */ = {
			isa = PBXProject;
			attributes = {
				LastUpgradeCheck = 1130;
				ORGANIZATIONNAME = "Eduardo Sarmanho";
				TargetAttributes = {
					7FA7421A241FF756000C8528 = {
						CreatedOnToolsVersion = 11.3.1;
						LastSwiftMigration = 1120;
					};
				};
			};
			buildConfigurationList = 7FA74216241FF756000C8528 /* Build configuration list for PBXProject "TheMovieDBObjc" */;
			compatibilityVersion = "Xcode 9.3";
			developmentRegion = en;
			hasScannedForEncodings = 0;
			knownRegions = (
				en,
				Base,
			);
			mainGroup = 7FA74212241FF756000C8528;
			productRefGroup = 7FA7421C241FF756000C8528 /* Products */;
			projectDirPath = "";
			projectRoot = "";
			targets = (
				7FA7421A241FF756000C8528 /* TheMovieDBObjc */,
			);
		};
/* End PBXProject section */

/* Begin PBXResourcesBuildPhase section */
		7FA74219241FF756000C8528 /* Resources */ = {
			isa = PBXResourcesBuildPhase;
			buildActionMask = 2147483647;
			files = (
				7FA7422E241FF759000C8528 /* LaunchScreen.storyboard in Resources */,
				7FA7422B241FF759000C8528 /* Assets.xcassets in Resources */,
				7FA74229241FF756000C8528 /* Main.storyboard in Resources */,
			);
			runOnlyForDeploymentPostprocessing = 0;
		};
/* End PBXResourcesBuildPhase section */

/* Begin PBXSourcesBuildPhase section */
		7FA74217241FF756000C8528 /* Sources */ = {
			isa = PBXSourcesBuildPhase;
			buildActionMask = 2147483647;
			files = (
				7FA74226241FF756000C8528 /* ViewController.m in Sources */,
				7FA74220241FF756000C8528 /* AppDelegate.m in Sources */,
				2759F501242A831E00B6E4D6 /* Response.m in Sources */,
				7F101704242D481400DE1591 /* Functions.m in Sources */,
				272093802423E6E1002349F6 /* Genre.m in Sources */,
				2759F4FE242A7E9700B6E4D6 /* Networking.swift in Sources */,
				7F88D38024228DA200BC9499 /* DetailViewController.m in Sources */,
				279674BA2420130700247885 /* Movie.m in Sources */,
				7FA74231241FF759000C8528 /* main.m in Sources */,
				7F101703242D481400DE1591 /* DataConsuming.swift in Sources */,
				7F319F492420136A004188E1 /* TableViewCell.m in Sources */,
				7FA74223241FF756000C8528 /* SceneDelegate.m in Sources */,
			);
			runOnlyForDeploymentPostprocessing = 0;
		};
/* End PBXSourcesBuildPhase section */

/* Begin PBXVariantGroup section */
		7FA74227241FF756000C8528 /* Main.storyboard */ = {
			isa = PBXVariantGroup;
			children = (
				7FA74228241FF756000C8528 /* Base */,
			);
			name = Main.storyboard;
			sourceTree = "<group>";
		};
		7FA7422C241FF759000C8528 /* LaunchScreen.storyboard */ = {
			isa = PBXVariantGroup;
			children = (
				7FA7422D241FF759000C8528 /* Base */,
			);
			name = LaunchScreen.storyboard;
			sourceTree = "<group>";
		};
/* End PBXVariantGroup section */

/* Begin XCBuildConfiguration section */
		7FA74232241FF759000C8528 /* Debug */ = {
			isa = XCBuildConfiguration;
			buildSettings = {
				ALWAYS_SEARCH_USER_PATHS = NO;
				CLANG_ANALYZER_NONNULL = YES;
				CLANG_ANALYZER_NUMBER_OBJECT_CONVERSION = YES_AGGRESSIVE;
				CLANG_CXX_LANGUAGE_STANDARD = "gnu++14";
				CLANG_CXX_LIBRARY = "libc++";
				CLANG_ENABLE_MODULES = YES;
				CLANG_ENABLE_OBJC_ARC = YES;
				CLANG_ENABLE_OBJC_WEAK = YES;
				CLANG_WARN_BLOCK_CAPTURE_AUTORELEASING = YES;
				CLANG_WARN_BOOL_CONVERSION = YES;
				CLANG_WARN_COMMA = YES;
				CLANG_WARN_CONSTANT_CONVERSION = YES;
				CLANG_WARN_DEPRECATED_OBJC_IMPLEMENTATIONS = YES;
				CLANG_WARN_DIRECT_OBJC_ISA_USAGE = YES_ERROR;
				CLANG_WARN_DOCUMENTATION_COMMENTS = YES;
				CLANG_WARN_EMPTY_BODY = YES;
				CLANG_WARN_ENUM_CONVERSION = YES;
				CLANG_WARN_INFINITE_RECURSION = YES;
				CLANG_WARN_INT_CONVERSION = YES;
				CLANG_WARN_NON_LITERAL_NULL_CONVERSION = YES;
				CLANG_WARN_OBJC_IMPLICIT_RETAIN_SELF = YES;
				CLANG_WARN_OBJC_LITERAL_CONVERSION = YES;
				CLANG_WARN_OBJC_ROOT_CLASS = YES_ERROR;
				CLANG_WARN_RANGE_LOOP_ANALYSIS = YES;
				CLANG_WARN_STRICT_PROTOTYPES = YES;
				CLANG_WARN_SUSPICIOUS_MOVE = YES;
				CLANG_WARN_UNGUARDED_AVAILABILITY = YES_AGGRESSIVE;
				CLANG_WARN_UNREACHABLE_CODE = YES;
				CLANG_WARN__DUPLICATE_METHOD_MATCH = YES;
				COPY_PHASE_STRIP = NO;
				DEBUG_INFORMATION_FORMAT = dwarf;
				ENABLE_STRICT_OBJC_MSGSEND = YES;
				ENABLE_TESTABILITY = YES;
				GCC_C_LANGUAGE_STANDARD = gnu11;
				GCC_DYNAMIC_NO_PIC = NO;
				GCC_NO_COMMON_BLOCKS = YES;
				GCC_OPTIMIZATION_LEVEL = 0;
				GCC_PREPROCESSOR_DEFINITIONS = (
					"DEBUG=1",
					"$(inherited)",
				);
				GCC_WARN_64_TO_32_BIT_CONVERSION = YES;
				GCC_WARN_ABOUT_RETURN_TYPE = YES_ERROR;
				GCC_WARN_UNDECLARED_SELECTOR = YES;
				GCC_WARN_UNINITIALIZED_AUTOS = YES_AGGRESSIVE;
				GCC_WARN_UNUSED_FUNCTION = YES;
				GCC_WARN_UNUSED_VARIABLE = YES;
				IPHONEOS_DEPLOYMENT_TARGET = 13.2;
				MTL_ENABLE_DEBUG_INFO = INCLUDE_SOURCE;
				MTL_FAST_MATH = YES;
				ONLY_ACTIVE_ARCH = YES;
				SDKROOT = iphoneos;
			};
			name = Debug;
		};
		7FA74233241FF759000C8528 /* Release */ = {
			isa = XCBuildConfiguration;
			buildSettings = {
				ALWAYS_SEARCH_USER_PATHS = NO;
				CLANG_ANALYZER_NONNULL = YES;
				CLANG_ANALYZER_NUMBER_OBJECT_CONVERSION = YES_AGGRESSIVE;
				CLANG_CXX_LANGUAGE_STANDARD = "gnu++14";
				CLANG_CXX_LIBRARY = "libc++";
				CLANG_ENABLE_MODULES = YES;
				CLANG_ENABLE_OBJC_ARC = YES;
				CLANG_ENABLE_OBJC_WEAK = YES;
				CLANG_WARN_BLOCK_CAPTURE_AUTORELEASING = YES;
				CLANG_WARN_BOOL_CONVERSION = YES;
				CLANG_WARN_COMMA = YES;
				CLANG_WARN_CONSTANT_CONVERSION = YES;
				CLANG_WARN_DEPRECATED_OBJC_IMPLEMENTATIONS = YES;
				CLANG_WARN_DIRECT_OBJC_ISA_USAGE = YES_ERROR;
				CLANG_WARN_DOCUMENTATION_COMMENTS = YES;
				CLANG_WARN_EMPTY_BODY = YES;
				CLANG_WARN_ENUM_CONVERSION = YES;
				CLANG_WARN_INFINITE_RECURSION = YES;
				CLANG_WARN_INT_CONVERSION = YES;
				CLANG_WARN_NON_LITERAL_NULL_CONVERSION = YES;
				CLANG_WARN_OBJC_IMPLICIT_RETAIN_SELF = YES;
				CLANG_WARN_OBJC_LITERAL_CONVERSION = YES;
				CLANG_WARN_OBJC_ROOT_CLASS = YES_ERROR;
				CLANG_WARN_RANGE_LOOP_ANALYSIS = YES;
				CLANG_WARN_STRICT_PROTOTYPES = YES;
				CLANG_WARN_SUSPICIOUS_MOVE = YES;
				CLANG_WARN_UNGUARDED_AVAILABILITY = YES_AGGRESSIVE;
				CLANG_WARN_UNREACHABLE_CODE = YES;
				CLANG_WARN__DUPLICATE_METHOD_MATCH = YES;
				COPY_PHASE_STRIP = NO;
				DEBUG_INFORMATION_FORMAT = "dwarf-with-dsym";
				ENABLE_NS_ASSERTIONS = NO;
				ENABLE_STRICT_OBJC_MSGSEND = YES;
				GCC_C_LANGUAGE_STANDARD = gnu11;
				GCC_NO_COMMON_BLOCKS = YES;
				GCC_WARN_64_TO_32_BIT_CONVERSION = YES;
				GCC_WARN_ABOUT_RETURN_TYPE = YES_ERROR;
				GCC_WARN_UNDECLARED_SELECTOR = YES;
				GCC_WARN_UNINITIALIZED_AUTOS = YES_AGGRESSIVE;
				GCC_WARN_UNUSED_FUNCTION = YES;
				GCC_WARN_UNUSED_VARIABLE = YES;
				IPHONEOS_DEPLOYMENT_TARGET = 13.2;
				MTL_ENABLE_DEBUG_INFO = NO;
				MTL_FAST_MATH = YES;
				SDKROOT = iphoneos;
				VALIDATE_PRODUCT = YES;
			};
			name = Release;
		};
		7FA74235241FF759000C8528 /* Debug */ = {
			isa = XCBuildConfiguration;
			buildSettings = {
				ASSETCATALOG_COMPILER_APPICON_NAME = AppIcon;
				CLANG_ENABLE_MODULES = YES;
				CODE_SIGN_STYLE = Automatic;
				DEFINES_MODULE = YES;
				DEVELOPMENT_TEAM = X7GM9H5PAT;
				INFOPLIST_FILE = TheMovieDBObjc/Info.plist;
				LD_RUNPATH_SEARCH_PATHS = (
					"$(inherited)",
					"@executable_path/Frameworks",
				);
				PRODUCT_BUNDLE_IDENTIFIER = com.mindland.TheMovieDBObjc;
				PRODUCT_NAME = "$(TARGET_NAME)";
				SWIFT_OBJC_BRIDGING_HEADER = "TheMovieDBObjc/TheMovieDBObjc-Bridging-Header.h";
				SWIFT_OPTIMIZATION_LEVEL = "-Onone";
				SWIFT_VERSION = 5.0;
				TARGETED_DEVICE_FAMILY = "1,2";
			};
			name = Debug;
		};
		7FA74236241FF759000C8528 /* Release */ = {
			isa = XCBuildConfiguration;
			buildSettings = {
				ASSETCATALOG_COMPILER_APPICON_NAME = AppIcon;
				CLANG_ENABLE_MODULES = YES;
				CODE_SIGN_STYLE = Automatic;
				DEFINES_MODULE = YES;
				DEVELOPMENT_TEAM = X7GM9H5PAT;
				INFOPLIST_FILE = TheMovieDBObjc/Info.plist;
				LD_RUNPATH_SEARCH_PATHS = (
					"$(inherited)",
					"@executable_path/Frameworks",
				);
				PRODUCT_BUNDLE_IDENTIFIER = com.mindland.TheMovieDBObjc;
				PRODUCT_NAME = "$(TARGET_NAME)";
				SWIFT_OBJC_BRIDGING_HEADER = "TheMovieDBObjc/TheMovieDBObjc-Bridging-Header.h";
				SWIFT_VERSION = 5.0;
				TARGETED_DEVICE_FAMILY = "1,2";
			};
			name = Release;
		};
/* End XCBuildConfiguration section */

/* Begin XCConfigurationList section */
		7FA74216241FF756000C8528 /* Build configuration list for PBXProject "TheMovieDBObjc" */ = {
			isa = XCConfigurationList;
			buildConfigurations = (
				7FA74232241FF759000C8528 /* Debug */,
				7FA74233241FF759000C8528 /* Release */,
			);
			defaultConfigurationIsVisible = 0;
			defaultConfigurationName = Release;
		};
		7FA74234241FF759000C8528 /* Build configuration list for PBXNativeTarget "TheMovieDBObjc" */ = {
			isa = XCConfigurationList;
			buildConfigurations = (
				7FA74235241FF759000C8528 /* Debug */,
				7FA74236241FF759000C8528 /* Release */,
			);
			defaultConfigurationIsVisible = 0;
			defaultConfigurationName = Release;
		};
/* End XCConfigurationList section */
	};
	rootObject = 7FA74213241FF756000C8528 /* Project object */;
}
